
Microsoft Visual Studio Solution File, Format Version 12.00
# Visual Studio Version 17
VisualStudioVersion = 17.0.32126.317
MinimumVisualStudioVersion = 10.0.40219.1
Project("{9A19103F-16F7-4668-BE54-9A1E7A4F7556}") = "Orvos_Asszisztens_Szerver", "Orvos_Asszisztens_Szerver\Orvos_Asszisztens_Szerver.csproj", "{224FA63D-E031-4027-9FC0-0B1839AA00BB}"
EndProject
Project("{9A19103F-16F7-4668-BE54-9A1E7A4F7556}") = "Common_Library", "Common_Library\Common_Library.csproj", "{87432D2D-BC68-4FB3-BCC7-58B0DD761F39}"
EndProject
Project("{FAE04EC0-301F-11D3-BF4B-00C04F79EFBC}") = "OrvosKliens", "OrvosKliens\OrvosKliens.csproj", "{E4A58EE4-CB08-4C09-BD85-5F9DAA64CFA9}"
EndProject
Project("{FAE04EC0-301F-11D3-BF4B-00C04F79EFBC}") = "AsszisztensKliens", "AsszisztensKliens\AsszisztensKliens.csproj", "{C5664825-37E0-4EB2-A684-B0341C49AF43}"
EndProject
Global
	GlobalSection(SolutionConfigurationPlatforms) = preSolution
		Debug|Any CPU = Debug|Any CPU
		Release|Any CPU = Release|Any CPU
	EndGlobalSection
	GlobalSection(ProjectConfigurationPlatforms) = postSolution
		{224FA63D-E031-4027-9FC0-0B1839AA00BB}.Debug|Any CPU.ActiveCfg = Debug|Any CPU
		{224FA63D-E031-4027-9FC0-0B1839AA00BB}.Debug|Any CPU.Build.0 = Debug|Any CPU
		{224FA63D-E031-4027-9FC0-0B1839AA00BB}.Release|Any CPU.ActiveCfg = Release|Any CPU
		{224FA63D-E031-4027-9FC0-0B1839AA00BB}.Release|Any CPU.Build.0 = Release|Any CPU
		{87432D2D-BC68-4FB3-BCC7-58B0DD761F39}.Debug|Any CPU.ActiveCfg = Debug|Any CPU
		{87432D2D-BC68-4FB3-BCC7-58B0DD761F39}.Debug|Any CPU.Build.0 = Debug|Any CPU
		{87432D2D-BC68-4FB3-BCC7-58B0DD761F39}.Release|Any CPU.ActiveCfg = Release|Any CPU
		{87432D2D-BC68-4FB3-BCC7-58B0DD761F39}.Release|Any CPU.Build.0 = Release|Any CPU
		{E4A58EE4-CB08-4C09-BD85-5F9DAA64CFA9}.Debug|Any CPU.ActiveCfg = Debug|Any CPU
		{E4A58EE4-CB08-4C09-BD85-5F9DAA64CFA9}.Debug|Any CPU.Build.0 = Debug|Any CPU
		{E4A58EE4-CB08-4C09-BD85-5F9DAA64CFA9}.Release|Any CPU.ActiveCfg = Release|Any CPU
		{E4A58EE4-CB08-4C09-BD85-5F9DAA64CFA9}.Release|Any CPU.Build.0 = Release|Any CPU
		{C5664825-37E0-4EB2-A684-B0341C49AF43}.Debug|Any CPU.ActiveCfg = Debug|Any CPU
		{C5664825-37E0-4EB2-A684-B0341C49AF43}.Debug|Any CPU.Build.0 = Debug|Any CPU
		{C5664825-37E0-4EB2-A684-B0341C49AF43}.Release|Any CPU.ActiveCfg = Release|Any CPU
		{C5664825-37E0-4EB2-A684-B0341C49AF43}.Release|Any CPU.Build.0 = Release|Any CPU
	EndGlobalSection
	GlobalSection(SolutionProperties) = preSolution
		HideSolutionNode = FALSE
	EndGlobalSection
	GlobalSection(ExtensibilityGlobals) = postSolution
		SolutionGuid = {3A80F7B4-9E9D-4AEC-AA9D-491B5F69E22D}
	EndGlobalSection
EndGlobal
